
Microsoft Visual Studio Solution File, Format Version 12.00
# Visual Studio Version 16
VisualStudioVersion = 16.0.30503.244
MinimumVisualStudioVersion = 10.0.40219.1
Project("{FAE04EC0-301F-11D3-BF4B-00C04F79EFBC}") = "CSPApplication", "CSPApplication.csproj", "{9283AF7A-6CA9-4373-93CB-F5D2130E1889}"
EndProject
Global
	GlobalSection(SolutionConfigurationPlatforms) = preSolution
		Debug|Any CPU = Debug|Any CPU
		Release|Any CPU = Release|Any CPU
	EndGlobalSection
	GlobalSection(ProjectConfigurationPlatforms) = postSolution
		{9283AF7A-6CA9-4373-93CB-F5D2130E1889}.Debug|Any CPU.ActiveCfg = Debug|Any CPU
		{9283AF7A-6CA9-4373-93CB-F5D2130E1889}.Debug|Any CPU.Build.0 = Debug|Any CPU
		{9283AF7A-6CA9-4373-93CB-F5D2130E1889}.Release|Any CPU.ActiveCfg = Release|Any CPU
		{9283AF7A-6CA9-4373-93CB-F5D2130E1889}.Release|Any CPU.Build.0 = Release|Any CPU
	EndGlobalSection
	GlobalSection(SolutionProperties) = preSolution
		HideSolutionNode = FALSE
	EndGlobalSection
	GlobalSection(ExtensibilityGlobals) = postSolution
		SolutionGuid = {BD89090A-0187-445E-BC08-95C6374EB942}
	EndGlobalSection
EndGlobal
